
Microsoft Visual Studio Solution File, Format Version 12.00
# Visual Studio Version 17
VisualStudioVersion = 17.14.36623.8 d17.14
MinimumVisualStudioVersion = 10.0.40219.1
Project("{8BC9CEB8-8B4A-11D0-8D11-00A0C91BC942}") = "CalculatorApp", "CalculatorApp\CalculatorApp.vcxproj", "{E2B4E7D8-EEE4-4B38-80A5-52F28B0F0C6D}"
EndProject
Global
	GlobalSection(SolutionConfigurationPlatforms) = preSolution
		Debug|x64 = Debug|x64
		Debug|x86 = Debug|x86
		Release|x64 = Release|x64
		Release|x86 = Release|x86
	EndGlobalSection
	GlobalSection(ProjectConfigurationPlatforms) = postSolution
		{E2B4E7D8-EEE4-4B38-80A5-52F28B0F0C6D}.Debug|x64.ActiveCfg = Debug|x64
		{E2B4E7D8-EEE4-4B38-80A5-52F28B0F0C6D}.Debug|x64.Build.0 = Debug|x64
		{E2B4E7D8-EEE4-4B38-80A5-52F28B0F0C6D}.Debug|x86.ActiveCfg = Debug|Win32
		{E2B4E7D8-EEE4-4B38-80A5-52F28B0F0C6D}.Debug|x86.Build.0 = Debug|Win32
		{E2B4E7D8-EEE4-4B38-80A5-52F28B0F0C6D}.Release|x64.ActiveCfg = Release|x64
		{E2B4E7D8-EEE4-4B38-80A5-52F28B0F0C6D}.Release|x64.Build.0 = Release|x64
		{E2B4E7D8-EEE4-4B38-80A5-52F28B0F0C6D}.Release|x86.ActiveCfg = Release|Win32
		{E2B4E7D8-EEE4-4B38-80A5-52F28B0F0C6D}.Release|x86.Build.0 = Release|Win32
	EndGlobalSection
	GlobalSection(SolutionProperties) = preSolution
		HideSolutionNode = FALSE
	EndGlobalSection
	GlobalSection(ExtensibilityGlobals) = postSolution
		SolutionGuid = {1C10607B-2954-4F95-98F4-DA07B48630B2}
	EndGlobalSection
EndGlobal
